
Microsoft Visual Studio Solution File, Format Version 12.00
# Visual Studio 14
VisualStudioVersion = 14.0.24720.0
MinimumVisualStudioVersion = 10.0.40219.1
Project("{8BC9CEB8-8B4A-11D0-8D11-00A0C91BC942}") = "Client", "tanqClient\tanqClient.vcxproj", "{39146C2B-1C83-4C37-9E9C-0557B804B4CF}"
EndProject
Project("{8BC9CEB8-8B4A-11D0-8D11-00A0C91BC942}") = "Networqing", "Networqing\Networqing.vcxproj", "{2CCE19CD-898D-458A-817C-DB746B687DB0}"
EndProject
Project("{8BC9CEB8-8B4A-11D0-8D11-00A0C91BC942}") = "Server", "Server\Server.vcxproj", "{11F18E5B-ADED-4FF7-991E-0679EE325455}"
EndProject
Global
	GlobalSection(SolutionConfigurationPlatforms) = preSolution
		Debug|x64 = Debug|x64
		Debug|x86 = Debug|x86
		Release|x64 = Release|x64
		Release|x86 = Release|x86
	EndGlobalSection
	GlobalSection(ProjectConfigurationPlatforms) = postSolution
		{39146C2B-1C83-4C37-9E9C-0557B804B4CF}.Debug|x64.ActiveCfg = Debug|x64
		{39146C2B-1C83-4C37-9E9C-0557B804B4CF}.Debug|x64.Build.0 = Debug|x64
		{39146C2B-1C83-4C37-9E9C-0557B804B4CF}.Debug|x86.ActiveCfg = Debug|Win32
		{39146C2B-1C83-4C37-9E9C-0557B804B4CF}.Debug|x86.Build.0 = Debug|Win32
		{39146C2B-1C83-4C37-9E9C-0557B804B4CF}.Debug|x86.Deploy.0 = Debug|Win32
		{39146C2B-1C83-4C37-9E9C-0557B804B4CF}.Release|x64.ActiveCfg = Release|x64
		{39146C2B-1C83-4C37-9E9C-0557B804B4CF}.Release|x64.Build.0 = Release|x64
		{39146C2B-1C83-4C37-9E9C-0557B804B4CF}.Release|x86.ActiveCfg = Release|Win32
		{39146C2B-1C83-4C37-9E9C-0557B804B4CF}.Release|x86.Build.0 = Release|Win32
		{2CCE19CD-898D-458A-817C-DB746B687DB0}.Debug|x64.ActiveCfg = Debug|x64
		{2CCE19CD-898D-458A-817C-DB746B687DB0}.Debug|x64.Build.0 = Debug|x64
		{2CCE19CD-898D-458A-817C-DB746B687DB0}.Debug|x86.ActiveCfg = Debug|Win32
		{2CCE19CD-898D-458A-817C-DB746B687DB0}.Debug|x86.Build.0 = Debug|Win32
		{2CCE19CD-898D-458A-817C-DB746B687DB0}.Release|x64.ActiveCfg = Release|x64
		{2CCE19CD-898D-458A-817C-DB746B687DB0}.Release|x64.Build.0 = Release|x64
		{2CCE19CD-898D-458A-817C-DB746B687DB0}.Release|x86.ActiveCfg = Release|Win32
		{2CCE19CD-898D-458A-817C-DB746B687DB0}.Release|x86.Build.0 = Release|Win32
		{11F18E5B-ADED-4FF7-991E-0679EE325455}.Debug|x64.ActiveCfg = Debug|x64
		{11F18E5B-ADED-4FF7-991E-0679EE325455}.Debug|x64.Build.0 = Debug|x64
		{11F18E5B-ADED-4FF7-991E-0679EE325455}.Debug|x86.ActiveCfg = Debug|Win32
		{11F18E5B-ADED-4FF7-991E-0679EE325455}.Debug|x86.Build.0 = Debug|Win32
		{11F18E5B-ADED-4FF7-991E-0679EE325455}.Release|x64.ActiveCfg = Release|x64
		{11F18E5B-ADED-4FF7-991E-0679EE325455}.Release|x64.Build.0 = Release|x64
		{11F18E5B-ADED-4FF7-991E-0679EE325455}.Release|x86.ActiveCfg = Release|Win32
		{11F18E5B-ADED-4FF7-991E-0679EE325455}.Release|x86.Build.0 = Release|Win32
	EndGlobalSection
	GlobalSection(SolutionProperties) = preSolution
		HideSolutionNode = FALSE
	EndGlobalSection
EndGlobal
